
Microsoft Visual Studio Solution File, Format Version 12.00
# Visual Studio Version 16
VisualStudioVersion = 16.0.30204.135
MinimumVisualStudioVersion = 10.0.40219.1
Project("{2150E333-8FDC-42A3-9474-1A3956D46DE8}") = "Shares.Registry.Abstractions", "Shares.Registry.Abstractions", "{3076C23D-D6C8-4959-97AD-DBCB3FC58F3A}"
EndProject
Project("{2150E333-8FDC-42A3-9474-1A3956D46DE8}") = "Shares.Registry.Unit.Test", "Shares.Registry.Unit.Test", "{DE79198F-2A5A-491D-926B-95266C109C17}"
EndProject
Project("{9A19103F-16F7-4668-BE54-9A1E7A4F7556}") = "Shares.Registry.Abstraction.Database", "Shares.Registry.Abstraction.Database\Shares.Registry.Abstraction.Database.csproj", "{649FF06C-3758-40B8-BEF6-C12B6FBB3550}"
EndProject
Project("{9A19103F-16F7-4668-BE54-9A1E7A4F7556}") = "Shares.Registry.Unit.Test.Database", "Shares.Registry.Unit.Test.Database\Shares.Registry.Unit.Test.Database.csproj", "{531EFF60-0AF6-4B28-AAF4-7E83240FAAB5}"
EndProject
Project("{9A19103F-16F7-4668-BE54-9A1E7A4F7556}") = "Shares.Registry.Abstractions.Unit.Test", "Shares.Registry.Abstractions.Unit.Test\Shares.Registry.Abstractions.Unit.Test.csproj", "{38008B85-6441-453F-975F-5369FCBC4C37}"
EndProject
Project("{2150E333-8FDC-42A3-9474-1A3956D46DE8}") = "Shares.Registry.Layers", "Shares.Registry.Layers", "{A4336C08-C82A-42E0-BA87-B88D42285A45}"
EndProject
Project("{2150E333-8FDC-42A3-9474-1A3956D46DE8}") = "Shares.Registry.Database", "Shares.Registry.Database", "{A806F21D-73B6-47AE-B15A-C87D9F0FC4DD}"
EndProject
Project("{9A19103F-16F7-4668-BE54-9A1E7A4F7556}") = "Shares.Registry.Layers.DataAccess.Models", "Shares.Registry.Layers.DataAccess.Models\Shares.Registry.Layers.DataAccess.Models.csproj", "{F87ADC6C-0D39-42BB-B210-F9F612917CD7}"
EndProject
Project("{2150E333-8FDC-42A3-9474-1A3956D46DE8}") = "Shares.Registry.EntryPoint", "Shares.Registry.EntryPoint", "{DE23C6CC-F21D-46D7-AE1E-90C8537DEBC3}"
EndProject
Project("{9A19103F-16F7-4668-BE54-9A1E7A4F7556}") = "Shares.Registry.Database.Client.FileSystem", "Shares.Registry.Database.Client.FileSystem\Shares.Registry.Database.Client.FileSystem.csproj", "{1A4E62A2-7FC6-4418-AAFC-7D7E17554F20}"
EndProject
Project("{9A19103F-16F7-4668-BE54-9A1E7A4F7556}") = "Shares.Registry.Database.Context.NoSql", "Shares.Registry.Database.Context.NoSql\Shares.Registry.Database.Context.NoSql.csproj", "{FD1175FF-B179-41F9-AE84-9C90B0C4A47E}"
EndProject
Project("{9A19103F-16F7-4668-BE54-9A1E7A4F7556}") = "Shares.Registry.EntryPoint.ConsoleApp", "Shares.Registry.EntryPoint.ConsoleApp\Shares.Registry.EntryPoint.ConsoleApp.csproj", "{E8673233-DAC7-4607-9901-239F1CD3306E}"
EndProject
Project("{FAE04EC0-301F-11D3-BF4B-00C04F79EFBC}") = "Shares.Registry.Abstractions.App", "Shares.Registry.Abstractions.App\Shares.Registry.Abstractions.App.csproj", "{B50C06F8-FC4C-49AA-855F-6DEF9AA7A344}"
EndProject
Global
	GlobalSection(SolutionConfigurationPlatforms) = preSolution
		Debug|Any CPU = Debug|Any CPU
		Release|Any CPU = Release|Any CPU
	EndGlobalSection
	GlobalSection(ProjectConfigurationPlatforms) = postSolution
		{649FF06C-3758-40B8-BEF6-C12B6FBB3550}.Debug|Any CPU.ActiveCfg = Debug|Any CPU
		{649FF06C-3758-40B8-BEF6-C12B6FBB3550}.Debug|Any CPU.Build.0 = Debug|Any CPU
		{649FF06C-3758-40B8-BEF6-C12B6FBB3550}.Release|Any CPU.ActiveCfg = Release|Any CPU
		{649FF06C-3758-40B8-BEF6-C12B6FBB3550}.Release|Any CPU.Build.0 = Release|Any CPU
		{531EFF60-0AF6-4B28-AAF4-7E83240FAAB5}.Debug|Any CPU.ActiveCfg = Debug|Any CPU
		{531EFF60-0AF6-4B28-AAF4-7E83240FAAB5}.Debug|Any CPU.Build.0 = Debug|Any CPU
		{531EFF60-0AF6-4B28-AAF4-7E83240FAAB5}.Release|Any CPU.ActiveCfg = Release|Any CPU
		{531EFF60-0AF6-4B28-AAF4-7E83240FAAB5}.Release|Any CPU.Build.0 = Release|Any CPU
		{38008B85-6441-453F-975F-5369FCBC4C37}.Debug|Any CPU.ActiveCfg = Debug|Any CPU
		{38008B85-6441-453F-975F-5369FCBC4C37}.Debug|Any CPU.Build.0 = Debug|Any CPU
		{38008B85-6441-453F-975F-5369FCBC4C37}.Release|Any CPU.ActiveCfg = Release|Any CPU
		{38008B85-6441-453F-975F-5369FCBC4C37}.Release|Any CPU.Build.0 = Release|Any CPU
		{F87ADC6C-0D39-42BB-B210-F9F612917CD7}.Debug|Any CPU.ActiveCfg = Debug|Any CPU
		{F87ADC6C-0D39-42BB-B210-F9F612917CD7}.Debug|Any CPU.Build.0 = Debug|Any CPU
		{F87ADC6C-0D39-42BB-B210-F9F612917CD7}.Release|Any CPU.ActiveCfg = Release|Any CPU
		{F87ADC6C-0D39-42BB-B210-F9F612917CD7}.Release|Any CPU.Build.0 = Release|Any CPU
		{1A4E62A2-7FC6-4418-AAFC-7D7E17554F20}.Debug|Any CPU.ActiveCfg = Debug|Any CPU
		{1A4E62A2-7FC6-4418-AAFC-7D7E17554F20}.Debug|Any CPU.Build.0 = Debug|Any CPU
		{1A4E62A2-7FC6-4418-AAFC-7D7E17554F20}.Release|Any CPU.ActiveCfg = Release|Any CPU
		{1A4E62A2-7FC6-4418-AAFC-7D7E17554F20}.Release|Any CPU.Build.0 = Release|Any CPU
		{FD1175FF-B179-41F9-AE84-9C90B0C4A47E}.Debug|Any CPU.ActiveCfg = Debug|Any CPU
		{FD1175FF-B179-41F9-AE84-9C90B0C4A47E}.Debug|Any CPU.Build.0 = Debug|Any CPU
		{FD1175FF-B179-41F9-AE84-9C90B0C4A47E}.Release|Any CPU.ActiveCfg = Release|Any CPU
		{FD1175FF-B179-41F9-AE84-9C90B0C4A47E}.Release|Any CPU.Build.0 = Release|Any CPU
		{E8673233-DAC7-4607-9901-239F1CD3306E}.Debug|Any CPU.ActiveCfg = Debug|Any CPU
		{E8673233-DAC7-4607-9901-239F1CD3306E}.Debug|Any CPU.Build.0 = Debug|Any CPU
		{E8673233-DAC7-4607-9901-239F1CD3306E}.Release|Any CPU.ActiveCfg = Release|Any CPU
		{E8673233-DAC7-4607-9901-239F1CD3306E}.Release|Any CPU.Build.0 = Release|Any CPU
		{B50C06F8-FC4C-49AA-855F-6DEF9AA7A344}.Debug|Any CPU.ActiveCfg = Debug|Any CPU
		{B50C06F8-FC4C-49AA-855F-6DEF9AA7A344}.Debug|Any CPU.Build.0 = Debug|Any CPU
		{B50C06F8-FC4C-49AA-855F-6DEF9AA7A344}.Release|Any CPU.ActiveCfg = Release|Any CPU
		{B50C06F8-FC4C-49AA-855F-6DEF9AA7A344}.Release|Any CPU.Build.0 = Release|Any CPU
	EndGlobalSection
	GlobalSection(SolutionProperties) = preSolution
		HideSolutionNode = FALSE
	EndGlobalSection
	GlobalSection(NestedProjects) = preSolution
		{649FF06C-3758-40B8-BEF6-C12B6FBB3550} = {3076C23D-D6C8-4959-97AD-DBCB3FC58F3A}
		{531EFF60-0AF6-4B28-AAF4-7E83240FAAB5} = {DE79198F-2A5A-491D-926B-95266C109C17}
		{38008B85-6441-453F-975F-5369FCBC4C37} = {3076C23D-D6C8-4959-97AD-DBCB3FC58F3A}
		{F87ADC6C-0D39-42BB-B210-F9F612917CD7} = {A4336C08-C82A-42E0-BA87-B88D42285A45}
		{1A4E62A2-7FC6-4418-AAFC-7D7E17554F20} = {A806F21D-73B6-47AE-B15A-C87D9F0FC4DD}
		{FD1175FF-B179-41F9-AE84-9C90B0C4A47E} = {A806F21D-73B6-47AE-B15A-C87D9F0FC4DD}
		{E8673233-DAC7-4607-9901-239F1CD3306E} = {DE23C6CC-F21D-46D7-AE1E-90C8537DEBC3}
		{B50C06F8-FC4C-49AA-855F-6DEF9AA7A344} = {3076C23D-D6C8-4959-97AD-DBCB3FC58F3A}
	EndGlobalSection
	GlobalSection(ExtensibilityGlobals) = postSolution
		SolutionGuid = {DF410442-F9D0-4665-9AEE-CDECB79AD029}
	EndGlobalSection
EndGlobal
