
Microsoft Visual Studio Solution File, Format Version 12.00
# Visual Studio Version 16
VisualStudioVersion = 16.0.30204.135
MinimumVisualStudioVersion = 10.0.40219.1
Project("{2150E333-8FDC-42A3-9474-1A3956D46DE8}") = "Shares.Registry.Abstractions", "Shares.Registry.Abstractions", "{3076C23D-D6C8-4959-97AD-DBCB3FC58F3A}"
EndProject
Project("{2150E333-8FDC-42A3-9474-1A3956D46DE8}") = "Test", "Test", "{DE79198F-2A5A-491D-926B-95266C109C17}"
EndProject
Project("{9A19103F-16F7-4668-BE54-9A1E7A4F7556}") = "Shares.Registry.Unit.Test.Database", "Shares.Registry.Test.XUnit.Mvvm\Shares.Registry.Unit.Test.Database.csproj", "{07EF314D-E02A-402F-BD06-71AA6DE3DDBC}"
EndProject
Project("{9A19103F-16F7-4668-BE54-9A1E7A4F7556}") = "Shares.Registry.Test.Abstractions", "Shares.Registry.Test.Abstractions\Shares.Registry.Test.Abstractions.csproj", "{6F387A9D-FAB3-4820-9467-D35E651227F5}"
EndProject
Project("{2150E333-8FDC-42A3-9474-1A3956D46DE8}") = "Shares.Registry.DataAccess", "Shares.Registry.DataAccess", "{CAB2213B-3FB9-4E76-95B1-E8B2C4577693}"
EndProject
Project("{9A19103F-16F7-4668-BE54-9A1E7A4F7556}") = "Shares.Registry.DataAccess.Models", "Share.Registry.Database.Models\Shares.Registry.DataAccess.Models.csproj", "{F3D69C41-3249-4E0F-9C60-19CF7055A013}"
EndProject
Project("{9A19103F-16F7-4668-BE54-9A1E7A4F7556}") = "Shares.Registry.DataAccess.FileSystem", "Shares.Registry.Database.FileSystem\Shares.Registry.DataAccess.FileSystem.csproj", "{E79C9A49-4E22-4DBA-A166-D650EAB8B285}"
EndProject
Project("{FAE04EC0-301F-11D3-BF4B-00C04F79EFBC}") = "Shares.Registry.Abstraction.Database", "Shares.Registry.Abstraction.Database\Shares.Registry.Abstraction.Database.csproj", "{649FF06C-3758-40B8-BEF6-C12B6FBB3550}"
EndProject
Global
	GlobalSection(SolutionConfigurationPlatforms) = preSolution
		Debug|Any CPU = Debug|Any CPU
		Release|Any CPU = Release|Any CPU
	EndGlobalSection
	GlobalSection(ProjectConfigurationPlatforms) = postSolution
		{07EF314D-E02A-402F-BD06-71AA6DE3DDBC}.Debug|Any CPU.ActiveCfg = Debug|Any CPU
		{07EF314D-E02A-402F-BD06-71AA6DE3DDBC}.Debug|Any CPU.Build.0 = Debug|Any CPU
		{07EF314D-E02A-402F-BD06-71AA6DE3DDBC}.Release|Any CPU.ActiveCfg = Release|Any CPU
		{07EF314D-E02A-402F-BD06-71AA6DE3DDBC}.Release|Any CPU.Build.0 = Release|Any CPU
		{6F387A9D-FAB3-4820-9467-D35E651227F5}.Debug|Any CPU.ActiveCfg = Debug|Any CPU
		{6F387A9D-FAB3-4820-9467-D35E651227F5}.Debug|Any CPU.Build.0 = Debug|Any CPU
		{6F387A9D-FAB3-4820-9467-D35E651227F5}.Release|Any CPU.ActiveCfg = Release|Any CPU
		{6F387A9D-FAB3-4820-9467-D35E651227F5}.Release|Any CPU.Build.0 = Release|Any CPU
		{F3D69C41-3249-4E0F-9C60-19CF7055A013}.Debug|Any CPU.ActiveCfg = Debug|Any CPU
		{F3D69C41-3249-4E0F-9C60-19CF7055A013}.Debug|Any CPU.Build.0 = Debug|Any CPU
		{F3D69C41-3249-4E0F-9C60-19CF7055A013}.Release|Any CPU.ActiveCfg = Release|Any CPU
		{F3D69C41-3249-4E0F-9C60-19CF7055A013}.Release|Any CPU.Build.0 = Release|Any CPU
		{E79C9A49-4E22-4DBA-A166-D650EAB8B285}.Debug|Any CPU.ActiveCfg = Debug|Any CPU
		{E79C9A49-4E22-4DBA-A166-D650EAB8B285}.Debug|Any CPU.Build.0 = Debug|Any CPU
		{E79C9A49-4E22-4DBA-A166-D650EAB8B285}.Release|Any CPU.ActiveCfg = Release|Any CPU
		{E79C9A49-4E22-4DBA-A166-D650EAB8B285}.Release|Any CPU.Build.0 = Release|Any CPU
		{649FF06C-3758-40B8-BEF6-C12B6FBB3550}.Debug|Any CPU.ActiveCfg = Debug|Any CPU
		{649FF06C-3758-40B8-BEF6-C12B6FBB3550}.Debug|Any CPU.Build.0 = Debug|Any CPU
		{649FF06C-3758-40B8-BEF6-C12B6FBB3550}.Release|Any CPU.ActiveCfg = Release|Any CPU
		{649FF06C-3758-40B8-BEF6-C12B6FBB3550}.Release|Any CPU.Build.0 = Release|Any CPU
	EndGlobalSection
	GlobalSection(SolutionProperties) = preSolution
		HideSolutionNode = FALSE
	EndGlobalSection
	GlobalSection(NestedProjects) = preSolution
		{07EF314D-E02A-402F-BD06-71AA6DE3DDBC} = {DE79198F-2A5A-491D-926B-95266C109C17}
		{6F387A9D-FAB3-4820-9467-D35E651227F5} = {DE79198F-2A5A-491D-926B-95266C109C17}
		{F3D69C41-3249-4E0F-9C60-19CF7055A013} = {CAB2213B-3FB9-4E76-95B1-E8B2C4577693}
		{E79C9A49-4E22-4DBA-A166-D650EAB8B285} = {CAB2213B-3FB9-4E76-95B1-E8B2C4577693}
		{649FF06C-3758-40B8-BEF6-C12B6FBB3550} = {3076C23D-D6C8-4959-97AD-DBCB3FC58F3A}
	EndGlobalSection
	GlobalSection(ExtensibilityGlobals) = postSolution
		SolutionGuid = {DF410442-F9D0-4665-9AEE-CDECB79AD029}
	EndGlobalSection
EndGlobal
