
Microsoft Visual Studio Solution File, Format Version 12.00
# Visual Studio Version 16
VisualStudioVersion = 16.0.30204.135
MinimumVisualStudioVersion = 10.0.40219.1
Project("{2150E333-8FDC-42A3-9474-1A3956D46DE8}") = "PL", "PL", "{3076C23D-D6C8-4959-97AD-DBCB3FC58F3A}"
EndProject
Project("{9A19103F-16F7-4668-BE54-9A1E7A4F7556}") = "Shares.Registry.Abstractions.Unit.Test", "Shares.Registry.Abstractions.Unit.Test\Shares.Registry.Abstractions.Unit.Test.csproj", "{38008B85-6441-453F-975F-5369FCBC4C37}"
EndProject
Project("{9A19103F-16F7-4668-BE54-9A1E7A4F7556}") = "Shares.Registry.Presentation.ConsoleApp", "Shares.Registry.EntryPoint.ConsoleApp\Shares.Registry.Presentation.ConsoleApp.csproj", "{E8673233-DAC7-4607-9901-239F1CD3306E}"
EndProject
Project("{9A19103F-16F7-4668-BE54-9A1E7A4F7556}") = "Shares.Registry.Presentation.App", "Shares.Registry.Abstractions.App\Shares.Registry.Presentation.App.csproj", "{B50C06F8-FC4C-49AA-855F-6DEF9AA7A344}"
EndProject
Project("{2150E333-8FDC-42A3-9474-1A3956D46DE8}") = "DAL", "DAL", "{E4D35E45-0BB7-4B18-A657-8525E7C8B8F1}"
EndProject
Project("{2150E333-8FDC-42A3-9474-1A3956D46DE8}") = "BLL", "BLL", "{8BDC9875-875B-4307-B5BE-4DE56FB24C9A}"
EndProject
Project("{2150E333-8FDC-42A3-9474-1A3956D46DE8}") = "TEST", "TEST", "{386C46F5-A3C2-46AC-9E99-C43BE601B2EC}"
EndProject
Project("{FAE04EC0-301F-11D3-BF4B-00C04F79EFBC}") = "Shares.Registry.Business.Computer", "Shares.Registry.Business.Providers.Services\Shares.Registry.Business.Computer.csproj", "{08DAB19C-DF0F-4265-B09B-A0D3BCFEED98}"
EndProject
Project("{FAE04EC0-301F-11D3-BF4B-00C04F79EFBC}") = "Shares.Registry.Data.FileSystem", "Shares.Registry.Data.FileSystem\Shares.Registry.Data.FileSystem.csproj", "{1E724BB7-34FF-4A83-BD66-8E104600C6EC}"
EndProject
Project("{FAE04EC0-301F-11D3-BF4B-00C04F79EFBC}") = "Shares.Registry.Business.Importer", "Shares.Registry.Business.Importer\Shares.Registry.Business.Importer.csproj", "{1C9F3ADA-A674-4BB0-AF92-EE0254521C36}"
EndProject
Project("{FAE04EC0-301F-11D3-BF4B-00C04F79EFBC}") = "Shares.Registry.Business.Data", "Shares.Registry.Business.Models\Shares.Registry.Business.Data.csproj", "{23E5486D-FCB8-4AB8-9DA1-8B47C70F057E}"
EndProject
Global
	GlobalSection(SolutionConfigurationPlatforms) = preSolution
		Debug|Any CPU = Debug|Any CPU
		Release|Any CPU = Release|Any CPU
	EndGlobalSection
	GlobalSection(ProjectConfigurationPlatforms) = postSolution
		{38008B85-6441-453F-975F-5369FCBC4C37}.Debug|Any CPU.ActiveCfg = Debug|Any CPU
		{38008B85-6441-453F-975F-5369FCBC4C37}.Debug|Any CPU.Build.0 = Debug|Any CPU
		{38008B85-6441-453F-975F-5369FCBC4C37}.Release|Any CPU.ActiveCfg = Release|Any CPU
		{38008B85-6441-453F-975F-5369FCBC4C37}.Release|Any CPU.Build.0 = Release|Any CPU
		{E8673233-DAC7-4607-9901-239F1CD3306E}.Debug|Any CPU.ActiveCfg = Debug|Any CPU
		{E8673233-DAC7-4607-9901-239F1CD3306E}.Debug|Any CPU.Build.0 = Debug|Any CPU
		{E8673233-DAC7-4607-9901-239F1CD3306E}.Release|Any CPU.ActiveCfg = Release|Any CPU
		{E8673233-DAC7-4607-9901-239F1CD3306E}.Release|Any CPU.Build.0 = Release|Any CPU
		{B50C06F8-FC4C-49AA-855F-6DEF9AA7A344}.Debug|Any CPU.ActiveCfg = Debug|Any CPU
		{B50C06F8-FC4C-49AA-855F-6DEF9AA7A344}.Debug|Any CPU.Build.0 = Debug|Any CPU
		{B50C06F8-FC4C-49AA-855F-6DEF9AA7A344}.Release|Any CPU.ActiveCfg = Release|Any CPU
		{B50C06F8-FC4C-49AA-855F-6DEF9AA7A344}.Release|Any CPU.Build.0 = Release|Any CPU
		{08DAB19C-DF0F-4265-B09B-A0D3BCFEED98}.Debug|Any CPU.ActiveCfg = Debug|Any CPU
		{08DAB19C-DF0F-4265-B09B-A0D3BCFEED98}.Debug|Any CPU.Build.0 = Debug|Any CPU
		{08DAB19C-DF0F-4265-B09B-A0D3BCFEED98}.Release|Any CPU.ActiveCfg = Release|Any CPU
		{08DAB19C-DF0F-4265-B09B-A0D3BCFEED98}.Release|Any CPU.Build.0 = Release|Any CPU
		{1E724BB7-34FF-4A83-BD66-8E104600C6EC}.Debug|Any CPU.ActiveCfg = Debug|Any CPU
		{1E724BB7-34FF-4A83-BD66-8E104600C6EC}.Debug|Any CPU.Build.0 = Debug|Any CPU
		{1E724BB7-34FF-4A83-BD66-8E104600C6EC}.Release|Any CPU.ActiveCfg = Release|Any CPU
		{1E724BB7-34FF-4A83-BD66-8E104600C6EC}.Release|Any CPU.Build.0 = Release|Any CPU
		{1C9F3ADA-A674-4BB0-AF92-EE0254521C36}.Debug|Any CPU.ActiveCfg = Debug|Any CPU
		{1C9F3ADA-A674-4BB0-AF92-EE0254521C36}.Debug|Any CPU.Build.0 = Debug|Any CPU
		{1C9F3ADA-A674-4BB0-AF92-EE0254521C36}.Release|Any CPU.ActiveCfg = Release|Any CPU
		{1C9F3ADA-A674-4BB0-AF92-EE0254521C36}.Release|Any CPU.Build.0 = Release|Any CPU
		{23E5486D-FCB8-4AB8-9DA1-8B47C70F057E}.Debug|Any CPU.ActiveCfg = Debug|Any CPU
		{23E5486D-FCB8-4AB8-9DA1-8B47C70F057E}.Debug|Any CPU.Build.0 = Debug|Any CPU
		{23E5486D-FCB8-4AB8-9DA1-8B47C70F057E}.Release|Any CPU.ActiveCfg = Release|Any CPU
		{23E5486D-FCB8-4AB8-9DA1-8B47C70F057E}.Release|Any CPU.Build.0 = Release|Any CPU
	EndGlobalSection
	GlobalSection(SolutionProperties) = preSolution
		HideSolutionNode = FALSE
	EndGlobalSection
	GlobalSection(NestedProjects) = preSolution
		{38008B85-6441-453F-975F-5369FCBC4C37} = {386C46F5-A3C2-46AC-9E99-C43BE601B2EC}
		{E8673233-DAC7-4607-9901-239F1CD3306E} = {3076C23D-D6C8-4959-97AD-DBCB3FC58F3A}
		{B50C06F8-FC4C-49AA-855F-6DEF9AA7A344} = {3076C23D-D6C8-4959-97AD-DBCB3FC58F3A}
		{08DAB19C-DF0F-4265-B09B-A0D3BCFEED98} = {8BDC9875-875B-4307-B5BE-4DE56FB24C9A}
		{1E724BB7-34FF-4A83-BD66-8E104600C6EC} = {E4D35E45-0BB7-4B18-A657-8525E7C8B8F1}
		{1C9F3ADA-A674-4BB0-AF92-EE0254521C36} = {8BDC9875-875B-4307-B5BE-4DE56FB24C9A}
		{23E5486D-FCB8-4AB8-9DA1-8B47C70F057E} = {8BDC9875-875B-4307-B5BE-4DE56FB24C9A}
	EndGlobalSection
	GlobalSection(ExtensibilityGlobals) = postSolution
		SolutionGuid = {DF410442-F9D0-4665-9AEE-CDECB79AD029}
	EndGlobalSection
EndGlobal
